
Microsoft Visual Studio Solution File, Format Version 12.00
# Visual Studio 15
VisualStudioVersion = 15.0.28307.1209
MinimumVisualStudioVersion = 10.0.40219.1
Project("{8BC9CEB8-8B4A-11D0-8D11-00A0C91BC942}") = "ScreenSize", "ScreenSize\ScreenSize.vcxproj", "{8D7F17AF-34D0-44F3-9C9F-564D0E21D1CB}"
EndProject
Global
	GlobalSection(SolutionConfigurationPlatforms) = preSolution
		Debug|x64 = Debug|x64
		Debug|x86 = Debug|x86
		Release|x64 = Release|x64
		Release|x86 = Release|x86
	EndGlobalSection
	GlobalSection(ProjectConfigurationPlatforms) = postSolution
		{8D7F17AF-34D0-44F3-9C9F-564D0E21D1CB}.Debug|x64.ActiveCfg = Debug|x64
		{8D7F17AF-34D0-44F3-9C9F-564D0E21D1CB}.Debug|x64.Build.0 = Debug|x64
		{8D7F17AF-34D0-44F3-9C9F-564D0E21D1CB}.Debug|x86.ActiveCfg = Debug|Win32
		{8D7F17AF-34D0-44F3-9C9F-564D0E21D1CB}.Debug|x86.Build.0 = Debug|Win32
		{8D7F17AF-34D0-44F3-9C9F-564D0E21D1CB}.Release|x64.ActiveCfg = Release|x64
		{8D7F17AF-34D0-44F3-9C9F-564D0E21D1CB}.Release|x64.Build.0 = Release|x64
		{8D7F17AF-34D0-44F3-9C9F-564D0E21D1CB}.Release|x86.ActiveCfg = Release|Win32
		{8D7F17AF-34D0-44F3-9C9F-564D0E21D1CB}.Release|x86.Build.0 = Release|Win32
	EndGlobalSection
	GlobalSection(SolutionProperties) = preSolution
		HideSolutionNode = FALSE
	EndGlobalSection
	GlobalSection(ExtensibilityGlobals) = postSolution
		SolutionGuid = {41524F47-87C4-4E25-9AB8-2DA30E824AC4}
	EndGlobalSection
EndGlobal
